lockfileVersion: '6.0'

settings:
  autoInstallPeers: true
  excludeLinksFromLockfile: false

devDependencies:
  bun-types:
    specifier: ^1.0.6
    version: 1.0.6

packages:

  /bun-types@1.0.6:
    resolution: {integrity: sha512-5QwynfXiRCRxPW3ZnC0Dv+sHHmctP4SHIuzsRKOWYO0HF/qUpsxQVexoviaxpmwDsF1hoVDDFdc4xUuafOzx1g==}
    dev: true
